
Microsoft Visual Studio Solution File, Format Version 12.00
# Visual Studio 15
VisualStudioVersion = 15.0.27703.2047
MinimumVisualStudioVersion = 10.0.40219.1
Project("{FAE04EC0-301F-11D3-BF4B-00C04F79EFBC}") = "WebConsole", "WebConsole\WebConsole.csproj", "{93CB339E-F61A-4421-8542-48AC521E0E28}"
EndProject
Project("{FAE04EC0-301F-11D3-BF4B-00C04F79EFBC}") = "TestConsole", "TestConsole\TestConsole.csproj", "{32222990-3019-4FE2-BBF5-DCEB5CB499CA}"
EndProject
Global
	GlobalSection(SolutionConfigurationPlatforms) = preSolution
		Debug|Any CPU = Debug|Any CPU
		Release|Any CPU = Release|Any CPU
	EndGlobalSection
	GlobalSection(ProjectConfigurationPlatforms) = postSolution
		{93CB339E-F61A-4421-8542-48AC521E0E28}.Debug|Any CPU.ActiveCfg = Debug|Any CPU
		{93CB339E-F61A-4421-8542-48AC521E0E28}.Debug|Any CPU.Build.0 = Debug|Any CPU
		{93CB339E-F61A-4421-8542-48AC521E0E28}.Release|Any CPU.ActiveCfg = Release|Any CPU
		{93CB339E-F61A-4421-8542-48AC521E0E28}.Release|Any CPU.Build.0 = Release|Any CPU
		{32222990-3019-4FE2-BBF5-DCEB5CB499CA}.Debug|Any CPU.ActiveCfg = Debug|Any CPU
		{32222990-3019-4FE2-BBF5-DCEB5CB499CA}.Debug|Any CPU.Build.0 = Debug|Any CPU
		{32222990-3019-4FE2-BBF5-DCEB5CB499CA}.Release|Any CPU.ActiveCfg = Release|Any CPU
		{32222990-3019-4FE2-BBF5-DCEB5CB499CA}.Release|Any CPU.Build.0 = Release|Any CPU
	EndGlobalSection
	GlobalSection(SolutionProperties) = preSolution
		HideSolutionNode = FALSE
	EndGlobalSection
	GlobalSection(ExtensibilityGlobals) = postSolution
		SolutionGuid = {1F3E4A5A-9A98-42D5-A073-EBDB935A5993}
	EndGlobalSection
EndGlobal
